{
  "name": "ukrajina-worker",
  "lockfileVersion": 2,
  "requires": true,
  "packages": {
    "": {
      "name": "ukrajina-worker",
      "dependencies": {
        "node-fetch": "^3.2.10",
        "nodemailer": "^6.7.2",
        "typesense": "^1.2.2",
        "xmlhttprequest": "^1.8.0"
      },
      "devDependencies": {
        "@types/node": "^17.0.21",
        "@types/nodemailer": "^6.4.4",
        "typescript": "^4.7.0-dev.20220226"
      }
    },
    "node_modules/@babel/runtime": {
      "version": "7.20.13",
      "resolved": "https://registry.npmjs.org/@babel/runtime/-/runtime-7.20.13.tgz",
      "integrity": "sha512-gt3PKXs0DBoL9xCvOIIZ2NEqAGZqHjAnmVbfQtB620V0uReIQutpel14KcneZuer7UioY8ALKZ7iocavvzTNFA==",
      "peer": true,
      "dependencies": {
        "regenerator-runtime": "^0.13.11"
      },
      "engines": {
        "node": ">=6.9.0"
      }
    },
    "node_modules/@types/node": {
      "version": "17.0.21",
      "resolved": "https://registry.npmjs.org/@types/node/-/node-17.0.21.tgz",
      "integrity": "sha512-DBZCJbhII3r90XbQxI8Y9IjjiiOGlZ0Hr32omXIZvwwZ7p4DMMXGrKXVyPfuoBOri9XNtL0UK69jYIBIsRX3QQ==",
      "dev": true
    },
    "node_modules/@types/nodemailer": {
      "version": "6.4.4",
      "resolved": "https://registry.npmjs.org/@types/nodemailer/-/nodemailer-6.4.4.tgz",
      "integrity": "sha512-Ksw4t7iliXeYGvIQcSIgWQ5BLuC/mljIEbjf615svhZL10PE9t+ei8O9gDaD3FPCasUJn9KTLwz2JFJyiiyuqw==",
      "dev": true,
      "dependencies": {
        "@types/node": "*"
      }
    },
    "node_modules/axios": {
      "version": "0.21.4",
      "resolved": "https://registry.npmjs.org/axios/-/axios-0.21.4.tgz",
      "integrity": "sha512-ut5vewkiu8jjGBdqpM44XxjuCjq9LAKeHVmoVfHVzy8eHgxxq8SbAVQNovDA8mVi05kP0Ea/n/UzcSHcTJQfNg==",
      "dependencies": {
        "follow-redirects": "^1.14.0"
      }
    },
    "node_modules/data-uri-to-buffer": {
      "version": "4.0.0",
      "resolved": "https://registry.npmjs.org/data-uri-to-buffer/-/data-uri-to-buffer-4.0.0.tgz",
      "integrity": "sha512-Vr3mLBA8qWmcuschSLAOogKgQ/Jwxulv3RNE4FXnYWRGujzrRWQI4m12fQqRkwX06C0KanhLr4hK+GydchZsaA==",
      "engines": {
        "node": ">= 12"
      }
    },
    "node_modules/fetch-blob": {
      "version": "3.1.4",
      "resolved": "https://registry.npmjs.org/fetch-blob/-/fetch-blob-3.1.4.tgz",
      "integrity": "sha512-Eq5Xv5+VlSrYWEqKrusxY1C3Hm/hjeAsCGVG3ft7pZahlUAChpGZT/Ms1WmSLnEAisEXszjzu/s+ce6HZB2VHA==",
      "funding": [
        {
          "type": "github",
          "url": "https://github.com/sponsors/jimmywarting"
        },
        {
          "type": "paypal",
          "url": "https://paypal.me/jimmywarting"
        }
      ],
      "dependencies": {
        "node-domexception": "^1.0.0",
        "web-streams-polyfill": "^3.0.3"
      },
      "engines": {
        "node": "^12.20 || >= 14.13"
      }
    },
    "node_modules/follow-redirects": {
      "version": "1.14.9",
      "resolved": "https://registry.npmjs.org/follow-redirects/-/follow-redirects-1.14.9.tgz",
      "integrity": "sha512-MQDfihBQYMcyy5dhRDJUHcw7lb2Pv/TuE6xP1vyraLukNDHKbDxDNaOE3NbCAdKQApno+GPRyo1YAp89yCjK4w==",
      "funding": [
        {
          "type": "individual",
          "url": "https://github.com/sponsors/RubenVerborgh"
        }
      ],
      "engines": {
        "node": ">=4.0"
      },
      "peerDependenciesMeta": {
        "debug": {
          "optional": true
        }
      }
    },
    "node_modules/formdata-polyfill": {
      "version": "4.0.10",
      "resolved": "https://registry.npmjs.org/formdata-polyfill/-/formdata-polyfill-4.0.10.tgz",
      "integrity": "sha512-buewHzMvYL29jdeQTVILecSaZKnt/RJWjoZCF5OW60Z67/GmSLBkOFM7qh1PI3zFNtJbaZL5eQu1vLfazOwj4g==",
      "dependencies": {
        "fetch-blob": "^3.1.2"
      },
      "engines": {
        "node": ">=12.20.0"
      }
    },
    "node_modules/loglevel": {
      "version": "1.8.0",
      "resolved": "https://registry.npmjs.org/loglevel/-/loglevel-1.8.0.tgz",
      "integrity": "sha512-G6A/nJLRgWOuuwdNuA6koovfEV1YpqqAG4pRUlFaz3jj2QNZ8M4vBqnVA+HBTmU/AMNUtlOsMmSpF6NyOjztbA==",
      "engines": {
        "node": ">= 0.6.0"
      },
      "funding": {
        "type": "tidelift",
        "url": "https://tidelift.com/funding/github/npm/loglevel"
      }
    },
    "node_modules/node-domexception": {
      "version": "1.0.0",
      "resolved": "https://registry.npmjs.org/node-domexception/-/node-domexception-1.0.0.tgz",
      "integrity": "sha512-/jKZoMpw0F8GRwl4/eLROPA3cfcXtLApP0QzLmUT/HuPCZWyB7IY9ZrMeKw2O/nFIqPQB3PVM9aYm0F312AXDQ==",
      "funding": [
        {
          "type": "github",
          "url": "https://github.com/sponsors/jimmywarting"
        },
        {
          "type": "github",
          "url": "https://paypal.me/jimmywarting"
        }
      ],
      "engines": {
        "node": ">=10.5.0"
      }
    },
    "node_modules/node-fetch": {
      "version": "3.2.10",
      "resolved": "https://registry.npmjs.org/node-fetch/-/node-fetch-3.2.10.tgz",
      "integrity": "sha512-MhuzNwdURnZ1Cp4XTazr69K0BTizsBroX7Zx3UgDSVcZYKF/6p0CBe4EUb/hLqmzVhl0UpYfgRljQ4yxE+iCxA==",
      "dependencies": {
        "data-uri-to-buffer": "^4.0.0",
        "fetch-blob": "^3.1.4",
        "formdata-polyfill": "^4.0.10"
      },
      "engines": {
        "node": "^12.20.0 || ^14.13.1 || >=16.0.0"
      },
      "funding": {
        "type": "opencollective",
        "url": "https://opencollective.com/node-fetch"
      }
    },
    "node_modules/nodemailer": {
      "version": "6.7.2",
      "resolved": "https://registry.npmjs.org/nodemailer/-/nodemailer-6.7.2.tgz",
      "integrity": "sha512-Dz7zVwlef4k5R71fdmxwR8Q39fiboGbu3xgswkzGwczUfjp873rVxt1O46+Fh0j1ORnAC6L9+heI8uUpO6DT7Q==",
      "engines": {
        "node": ">=6.0.0"
      }
    },
    "node_modules/regenerator-runtime": {
      "version": "0.13.11",
      "resolved": "https://registry.npmjs.org/regenerator-runtime/-/regenerator-runtime-0.13.11.tgz",
      "integrity": "sha512-kY1AZVr2Ra+t+piVaJ4gxaFaReZVH40AKNo7UCX6W+dEwBo/2oZJzqfuN1qLq1oL45o56cPaTXELwrTh8Fpggg==",
      "peer": true
    },
    "node_modules/typescript": {
      "version": "4.7.0-dev.20220226",
      "resolved": "https://registry.npmjs.org/typescript/-/typescript-4.7.0-dev.20220226.tgz",
      "integrity": "sha512-i/SvqeGzDmleaJkH6CQ+Aa/zcroUnmQTpGc1oe2/iwbbbSZQcBY+5Ed2dAr8Hg+3ctQ7ri407sKtQeWkKnui3A==",
      "dev": true,
      "bin": {
        "tsc": "bin/tsc",
        "tsserver": "bin/tsserver"
      },
      "engines": {
        "node": ">=4.2.0"
      }
    },
    "node_modules/typesense": {
      "version": "1.2.2",
      "resolved": "https://registry.npmjs.org/typesense/-/typesense-1.2.2.tgz",
      "integrity": "sha512-MOKAIGTXbL0RkbHOvpr8RHP7it7UhCc0x4KJ8+p5lwh6Q9bSht6pJqMn6bXybomYA7CHVzIm4+IWVz6dHdUBow==",
      "dependencies": {
        "axios": "^0.21.1",
        "loglevel": "^1.7.1"
      },
      "peerDependencies": {
        "@babel/runtime": "^7.14.6"
      }
    },
    "node_modules/web-streams-polyfill": {
      "version": "3.2.0",
      "resolved": "https://registry.npmjs.org/web-streams-polyfill/-/web-streams-polyfill-3.2.0.tgz",
      "integrity": "sha512-EqPmREeOzttaLRm5HS7io98goBgZ7IVz79aDvqjD0kYXLtFZTc0T/U6wHTPKyIjb+MdN7DFIIX6hgdBEpWmfPA==",
      "engines": {
        "node": ">= 8"
      }
    },
    "node_modules/xmlhttprequest": {
      "version": "1.8.0",
      "resolved": "https://registry.npmjs.org/xmlhttprequest/-/xmlhttprequest-1.8.0.tgz",
      "integrity": "sha1-Z/4HXFwk/vOfnWX197f+dRcZaPw=",
      "engines": {
        "node": ">=0.4.0"
      }
    }
  },
  "dependencies": {
    "@babel/runtime": {
      "version": "7.20.13",
      "resolved": "https://registry.npmjs.org/@babel/runtime/-/runtime-7.20.13.tgz",
      "integrity": "sha512-gt3PKXs0DBoL9xCvOIIZ2NEqAGZqHjAnmVbfQtB620V0uReIQutpel14KcneZuer7UioY8ALKZ7iocavvzTNFA==",
      "peer": true,
      "requires": {
        "regenerator-runtime": "^0.13.11"
      }
    },
    "@types/node": {
      "version": "17.0.21",
      "resolved": "https://registry.npmjs.org/@types/node/-/node-17.0.21.tgz",
      "integrity": "sha512-DBZCJbhII3r90XbQxI8Y9IjjiiOGlZ0Hr32omXIZvwwZ7p4DMMXGrKXVyPfuoBOri9XNtL0UK69jYIBIsRX3QQ==",
      "dev": true
    },
    "@types/nodemailer": {
      "version": "6.4.4",
      "resolved": "https://registry.npmjs.org/@types/nodemailer/-/nodemailer-6.4.4.tgz",
      "integrity": "sha512-Ksw4t7iliXeYGvIQcSIgWQ5BLuC/mljIEbjf615svhZL10PE9t+ei8O9gDaD3FPCasUJn9KTLwz2JFJyiiyuqw==",
      "dev": true,
      "requires": {
        "@types/node": "*"
      }
    },
    "axios": {
      "version": "0.21.4",
      "resolved": "https://registry.npmjs.org/axios/-/axios-0.21.4.tgz",
      "integrity": "sha512-ut5vewkiu8jjGBdqpM44XxjuCjq9LAKeHVmoVfHVzy8eHgxxq8SbAVQNovDA8mVi05kP0Ea/n/UzcSHcTJQfNg==",
      "requires": {
        "follow-redirects": "^1.14.0"
      }
    },
    "data-uri-to-buffer": {
      "version": "4.0.0",
      "resolved": "https://registry.npmjs.org/data-uri-to-buffer/-/data-uri-to-buffer-4.0.0.tgz",
      "integrity": "sha512-Vr3mLBA8qWmcuschSLAOogKgQ/Jwxulv3RNE4FXnYWRGujzrRWQI4m12fQqRkwX06C0KanhLr4hK+GydchZsaA=="
    },
    "fetch-blob": {
      "version": "3.1.4",
      "resolved": "https://registry.npmjs.org/fetch-blob/-/fetch-blob-3.1.4.tgz",
      "integrity": "sha512-Eq5Xv5+VlSrYWEqKrusxY1C3Hm/hjeAsCGVG3ft7pZahlUAChpGZT/Ms1WmSLnEAisEXszjzu/s+ce6HZB2VHA==",
      "requires": {
        "node-domexception": "^1.0.0",
        "web-streams-polyfill": "^3.0.3"
      }
    },
    "follow-redirects": {
      "version": "1.14.9",
      "resolved": "https://registry.npmjs.org/follow-redirects/-/follow-redirects-1.14.9.tgz",
      "integrity": "sha512-MQDfihBQYMcyy5dhRDJUHcw7lb2Pv/TuE6xP1vyraLukNDHKbDxDNaOE3NbCAdKQApno+GPRyo1YAp89yCjK4w=="
    },
    "formdata-polyfill": {
      "version": "4.0.10",
      "resolved": "https://registry.npmjs.org/formdata-polyfill/-/formdata-polyfill-4.0.10.tgz",
      "integrity": "sha512-buewHzMvYL29jdeQTVILecSaZKnt/RJWjoZCF5OW60Z67/GmSLBkOFM7qh1PI3zFNtJbaZL5eQu1vLfazOwj4g==",
      "requires": {
        "fetch-blob": "^3.1.2"
      }
    },
    "loglevel": {
      "version": "1.8.0",
      "resolved": "https://registry.npmjs.org/loglevel/-/loglevel-1.8.0.tgz",
      "integrity": "sha512-G6A/nJLRgWOuuwdNuA6koovfEV1YpqqAG4pRUlFaz3jj2QNZ8M4vBqnVA+HBTmU/AMNUtlOsMmSpF6NyOjztbA=="
    },
    "node-domexception": {
      "version": "1.0.0",
      "resolved": "https://registry.npmjs.org/node-domexception/-/node-domexception-1.0.0.tgz",
      "integrity": "sha512-/jKZoMpw0F8GRwl4/eLROPA3cfcXtLApP0QzLmUT/HuPCZWyB7IY9ZrMeKw2O/nFIqPQB3PVM9aYm0F312AXDQ=="
    },
    "node-fetch": {
      "version": "3.2.10",
      "resolved": "https://registry.npmjs.org/node-fetch/-/node-fetch-3.2.10.tgz",
      "integrity": "sha512-MhuzNwdURnZ1Cp4XTazr69K0BTizsBroX7Zx3UgDSVcZYKF/6p0CBe4EUb/hLqmzVhl0UpYfgRljQ4yxE+iCxA==",
      "requires": {
        "data-uri-to-buffer": "^4.0.0",
        "fetch-blob": "^3.1.4",
        "formdata-polyfill": "^4.0.10"
      }
    },
    "nodemailer": {
      "version": "6.7.2",
      "resolved": "https://registry.npmjs.org/nodemailer/-/nodemailer-6.7.2.tgz",
      "integrity": "sha512-Dz7zVwlef4k5R71fdmxwR8Q39fiboGbu3xgswkzGwczUfjp873rVxt1O46+Fh0j1ORnAC6L9+heI8uUpO6DT7Q=="
    },
    "regenerator-runtime": {
      "version": "0.13.11",
      "resolved": "https://registry.npmjs.org/regenerator-runtime/-/regenerator-runtime-0.13.11.tgz",
      "integrity": "sha512-kY1AZVr2Ra+t+piVaJ4gxaFaReZVH40AKNo7UCX6W+dEwBo/2oZJzqfuN1qLq1oL45o56cPaTXELwrTh8Fpggg==",
      "peer": true
    },
    "typescript": {
      "version": "4.7.0-dev.20220226",
      "resolved": "https://registry.npmjs.org/typescript/-/typescript-4.7.0-dev.20220226.tgz",
      "integrity": "sha512-i/SvqeGzDmleaJkH6CQ+Aa/zcroUnmQTpGc1oe2/iwbbbSZQcBY+5Ed2dAr8Hg+3ctQ7ri407sKtQeWkKnui3A==",
      "dev": true
    },
    "typesense": {
      "version": "1.2.2",
      "resolved": "https://registry.npmjs.org/typesense/-/typesense-1.2.2.tgz",
      "integrity": "sha512-MOKAIGTXbL0RkbHOvpr8RHP7it7UhCc0x4KJ8+p5lwh6Q9bSht6pJqMn6bXybomYA7CHVzIm4+IWVz6dHdUBow==",
      "requires": {
        "axios": "^0.21.1",
        "loglevel": "^1.7.1"
      }
    },
    "web-streams-polyfill": {
      "version": "3.2.0",
      "resolved": "https://registry.npmjs.org/web-streams-polyfill/-/web-streams-polyfill-3.2.0.tgz",
      "integrity": "sha512-EqPmREeOzttaLRm5HS7io98goBgZ7IVz79aDvqjD0kYXLtFZTc0T/U6wHTPKyIjb+MdN7DFIIX6hgdBEpWmfPA=="
    },
    "xmlhttprequest": {
      "version": "1.8.0",
      "resolved": "https://registry.npmjs.org/xmlhttprequest/-/xmlhttprequest-1.8.0.tgz",
      "integrity": "sha1-Z/4HXFwk/vOfnWX197f+dRcZaPw="
    }
  }
}
